
Microsoft Visual Studio Solution File, Format Version 12.00
# Visual Studio Version 16
VisualStudioVersion = 16.0.32106.194
MinimumVisualStudioVersion = 10.0.40219.1
Project("{FAE04EC0-301F-11D3-BF4B-00C04F79EFBC}") = "tSystems.CursoCSharp.ConsoleAplication", "tSystems.CursoCSharp.ConsoleAplication\tSystems.CursoCSharp.ConsoleAplication.csproj", "{74F009D5-A93D-43C3-8A66-F9609EAE677D}"
EndProject
Project("{FAE04EC0-301F-11D3-BF4B-00C04F79EFBC}") = "tSystems.CursoCSharp.ConsoleAplication2", "tSystems.CursoCSharp.ConsoleAplication2\tSystems.CursoCSharp.ConsoleAplication2.csproj", "{23715EFF-2847-41A9-A699-4741FE411D64}"
EndProject
Global
	GlobalSection(SolutionConfigurationPlatforms) = preSolution
		Debug|Any CPU = Debug|Any CPU
		Release|Any CPU = Release|Any CPU
	EndGlobalSection
	GlobalSection(ProjectConfigurationPlatforms) = postSolution
		{74F009D5-A93D-43C3-8A66-F9609EAE677D}.Debug|Any CPU.ActiveCfg = Debug|Any CPU
		{74F009D5-A93D-43C3-8A66-F9609EAE677D}.Debug|Any CPU.Build.0 = Debug|Any CPU
		{74F009D5-A93D-43C3-8A66-F9609EAE677D}.Release|Any CPU.ActiveCfg = Release|Any CPU
		{74F009D5-A93D-43C3-8A66-F9609EAE677D}.Release|Any CPU.Build.0 = Release|Any CPU
		{23715EFF-2847-41A9-A699-4741FE411D64}.Debug|Any CPU.ActiveCfg = Debug|Any CPU
		{23715EFF-2847-41A9-A699-4741FE411D64}.Debug|Any CPU.Build.0 = Debug|Any CPU
		{23715EFF-2847-41A9-A699-4741FE411D64}.Release|Any CPU.ActiveCfg = Release|Any CPU
		{23715EFF-2847-41A9-A699-4741FE411D64}.Release|Any CPU.Build.0 = Release|Any CPU
	EndGlobalSection
	GlobalSection(SolutionProperties) = preSolution
		HideSolutionNode = FALSE
	EndGlobalSection
	GlobalSection(ExtensibilityGlobals) = postSolution
		SolutionGuid = {909F99D6-B166-4A1E-A20A-C65B1317D010}
	EndGlobalSection
EndGlobal
