
Microsoft Visual Studio Solution File, Format Version 12.00
# Visual Studio Version 16
VisualStudioVersion = 16.0.32106.194
MinimumVisualStudioVersion = 10.0.40219.1
Project("{FAE04EC0-301F-11D3-BF4B-00C04F79EFBC}") = "TSystems.ProjetoExemplo.WindowsForms.UI", "TSystems.ProjetoExemplo.WindowsForms.UI\TSystems.ProjetoExemplo.WindowsForms.UI.csproj", "{2CFA3212-B952-4383-B3FF-CF2F59EE1871}"
EndProject
Global
	GlobalSection(SolutionConfigurationPlatforms) = preSolution
		Debug|Any CPU = Debug|Any CPU
		Release|Any CPU = Release|Any CPU
	EndGlobalSection
	GlobalSection(ProjectConfigurationPlatforms) = postSolution
		{2CFA3212-B952-4383-B3FF-CF2F59EE1871}.Debug|Any CPU.ActiveCfg = Debug|Any CPU
		{2CFA3212-B952-4383-B3FF-CF2F59EE1871}.Debug|Any CPU.Build.0 = Debug|Any CPU
		{2CFA3212-B952-4383-B3FF-CF2F59EE1871}.Release|Any CPU.ActiveCfg = Release|Any CPU
		{2CFA3212-B952-4383-B3FF-CF2F59EE1871}.Release|Any CPU.Build.0 = Release|Any CPU
	EndGlobalSection
	GlobalSection(SolutionProperties) = preSolution
		HideSolutionNode = FALSE
	EndGlobalSection
	GlobalSection(ExtensibilityGlobals) = postSolution
		SolutionGuid = {D3FDA828-FD1D-4410-AC86-0296E6208095}
	EndGlobalSection
EndGlobal
